
Microsoft Visual Studio Solution File, Format Version 12.00
# Visual Studio Version 16
VisualStudioVersion = 16.0.29519.87
MinimumVisualStudioVersion = 10.0.40219.1
Project("{FAE04EC0-301F-11D3-BF4B-00C04F79EFBC}") = "ValidateAddress", "ValidateAddress\ValidateAddress.csproj", "{574BF74C-7E0F-4732-BEB6-93822829B3A7}"
EndProject
Global
	GlobalSection(SolutionConfigurationPlatforms) = preSolution
		Debug|Any CPU = Debug|Any CPU
		Release|Any CPU = Release|Any CPU
	EndGlobalSection
	GlobalSection(ProjectConfigurationPlatforms) = postSolution
		{574BF74C-7E0F-4732-BEB6-93822829B3A7}.Debug|Any CPU.ActiveCfg = Debug|Any CPU
		{574BF74C-7E0F-4732-BEB6-93822829B3A7}.Debug|Any CPU.Build.0 = Debug|Any CPU
		{574BF74C-7E0F-4732-BEB6-93822829B3A7}.Release|Any CPU.ActiveCfg = Release|Any CPU
		{574BF74C-7E0F-4732-BEB6-93822829B3A7}.Release|Any CPU.Build.0 = Release|Any CPU
	EndGlobalSection
	GlobalSection(SolutionProperties) = preSolution
		HideSolutionNode = FALSE
	EndGlobalSection
	GlobalSection(ExtensibilityGlobals) = postSolution
		SolutionGuid = {8261599D-52A9-4BFB-98B9-57C5CB4A63FD}
	EndGlobalSection
EndGlobal
